<?xml version="1.0" encoding="utf-8"?>
<Project ToolsVersion="4.0" xmlns="http://schemas.microsoft.com/developer/msbuild/2003">
  <ItemGroup>
    <ClCompile Include="src/stdafx.cpp" />
    <ClCompile Include="src/ui/MainGame.cpp">
      <Filter>UI</Filter>
    </ClCompile>
    <ClCompile Include="src/ui/ScreenList.cpp">
      <Filter>UI</Filter>
    </ClCompile>
    <ClCompile Include="src/ui/GameWindow.cpp">
      <Filter>UI</Filter>
    </ClCompile>
    <ClCompile Include="src/io/IOManager.cpp">
      <Filter>IO</Filter>
    </ClCompile>
    <ClCompile Include="src/io/Keg.cpp">
      <Filter>IO\Keg</Filter>
    </ClCompile>
    <ClCompile Include="src/Timing.cpp">
      <Filter>Utils</Filter>
    </ClCompile>
    <ClCompile Include="src/Random.cpp">
      <Filter>Utils</Filter>
    </ClCompile>
    <ClCompile Include="src/colors.cpp">
      <Filter>Utils</Filter>
    </ClCompile>
    <ClCompile Include="src/ecs/ComponentTableBase.cpp">
      <Filter>ECS</Filter>
    </ClCompile>
    <ClCompile Include="src/ecs/ECS.cpp">
      <Filter>ECS</Filter>
    </ClCompile>
    <ClCompile Include="src/ecs/MultipleComponentSet.cpp">
      <Filter>ECS</Filter>
    </ClCompile>
    <ClCompile Include="src/RPC.cpp">
      <Filter>Core\ADT</Filter>
    </ClCompile>
    <ClCompile Include="src/ui/LuaDevConsole.cpp">
      <Filter>UI\REPL</Filter>
    </ClCompile>
    <ClCompile Include="src/io/MemFile.cpp">
      <Filter>Utils</Filter>
    </ClCompile>
    <ClCompile Include="src/graphics/GBuffer.cpp">
      <Filter>Graphics\Deferred</Filter>
    </ClCompile>
    <ClCompile Include="src/graphics/DeferredShaders.cpp">
      <Filter>Graphics\Deferred</Filter>
    </ClCompile>
    <ClCompile Include="src/graphics/DepthState.cpp">
      <Filter>Graphics\Wrappers</Filter>
    </ClCompile>
    <ClCompile Include="src/graphics/GLProgram.cpp">
      <Filter>Graphics\Wrappers</Filter>
    </ClCompile>
    <ClCompile Include="src/graphics/GLRenderTarget.cpp">
      <Filter>Graphics\Wrappers</Filter>
    </ClCompile>
    <ClCompile Include="src/graphics/RasterizerState.cpp">
      <Filter>Graphics\Wrappers</Filter>
    </ClCompile>
    <ClCompile Include="src/graphics/SamplerState.cpp">
      <Filter>Graphics\Wrappers</Filter>
    </ClCompile>
    <ClCompile Include="src/graphics/FullQuadVBO.cpp">
      <Filter>Graphics\Utils</Filter>
    </ClCompile>
    <ClCompile Include="src/graphics/GpuMemory.cpp">
      <Filter>Graphics\Utils</Filter>
    </ClCompile>
    <ClCompile Include="src/graphics/GraphicsDevice.cpp">
      <Filter>Graphics\Utils</Filter>
    </ClCompile>
    <ClCompile Include="src/graphics/SpriteFont.cpp">
      <Filter>Graphics\Utils</Filter>
    </ClCompile>
    <ClCompile Include="src/Vorb.cpp" />
    <ClCompile Include="src/graphics/ConnectedTextures.cpp">
      <Filter>Graphics\Texture</Filter>
    </ClCompile>
    <ClCompile Include="src/graphics/TextureCache.cpp">
      <Filter>Graphics\Utils</Filter>
    </ClCompile>
    <ClCompile Include="src/io/Path.cpp">
      <Filter>IO\Wrappers</Filter>
    </ClCompile>
    <ClCompile Include="src/io/Directory.cpp">
      <Filter>IO\Wrappers</Filter>
    </ClCompile>
    <ClCompile Include="src/io/File.cpp">
      <Filter>IO\Wrappers</Filter>
    </ClCompile>
    <ClCompile Include="src/io/FileOps.cpp">
      <Filter>IO\Wrappers</Filter>
    </ClCompile>
    <ClCompile Include="src/sound/SoundEngine.cpp">
      <Filter>Sound</Filter>
    </ClCompile>
    <ClCompile Include="src/sound/SoundInstance.cpp">
      <Filter>Sound</Filter>
    </ClCompile>
    <ClCompile Include="deps/src/sha256/sha256sum.c">
      <Filter>Deps</Filter>
    </ClCompile>
    <ClCompile Include="src/graphics/ImageIO.cpp">
      <Filter>Graphics\IO</Filter>
    </ClCompile>
    <ClCompile Include="src/graphics/ModelIO.cpp">
      <Filter>Graphics\IO</Filter>
    </ClCompile>
    <ClCompile Include="src\graphics\SpriteBatch.cpp">
      <Filter>Graphics\Utils</Filter>
    </ClCompile>
    <ClCompile Include="src\ui\InputDispatcher.cpp">
      <Filter>UI\Input</Filter>
    </ClCompile>
    <ClCompile Include="src/MeshGenIcosphere.cpp">
      <Filter>Graphics\Utils</Filter>
    </ClCompile>
    <ClCompile Include="src\script\Environment.cpp">
      <Filter>Script</Filter>
    </ClCompile>
    <ClCompile Include="src\ui\MouseInputDispatcher.cpp">
      <Filter>UI\Input</Filter>
    </ClCompile>
    <ClCompile Include="src\ui\KeyboardEventDispatcher.cpp">
      <Filter>UI\Input</Filter>
    </ClCompile>
    <ClCompile Include="src\io\KegEnum.cpp">
      <Filter>IO\Keg</Filter>
    </ClCompile>
    <ClCompile Include="src\io\KegType.cpp">
      <Filter>IO\Keg</Filter>
    </ClCompile>
    <ClCompile Include="src\io\KegValue.cpp">
      <Filter>IO\Keg</Filter>
    </ClCompile>
    <ClCompile Include="src\script\ScriptValueSenders.cpp">
      <Filter>Script</Filter>
    </ClCompile>
    <ClCompile Include="src\io\KegEnvironment.cpp">
      <Filter>IO\Keg</Filter>
    </ClCompile>
    <ClCompile Include="src\io\KegWrite.cpp">
      <Filter>IO\Keg</Filter>
    </ClCompile>
    <ClCompile Include="src\io\KegRead.cpp">
      <Filter>IO\Keg</Filter>
    </ClCompile>
    <ClCompile Include="src\io\YAML.cpp">
      <Filter>IO\YAML</Filter>
    </ClCompile>
    <ClCompile Include="src\io\YAMLConverters.cpp">
      <Filter>IO\YAML</Filter>
    </ClCompile>
    <ClCompile Include="src\script\REPL.cpp">
      <Filter>Script</Filter>
    </ClCompile>
    <ClCompile Include="src\script\ScriptImpl.cpp">
      <Filter>Script</Filter>
    </ClCompile>
    <ClCompile Include="src\graphics\ShaderManager.cpp">
      <Filter>Graphics\Wrappers</Filter>
    </ClCompile>
    <ClCompile Include="src\graphics\ShaderParser.cpp">
      <Filter>Graphics\Utils</Filter>
    </ClCompile>
    <ClCompile Include="src\graphics\ShaderInterface.cpp">
      <Filter>Graphics\Utils</Filter>
    </ClCompile>
    <ClCompile Include="src\ui\UIRenderer.cpp">
      <Filter>UI</Filter>
    </ClCompile>
    <ClCompile Include="src\ui\Widget.cpp">
      <Filter>UI\Widgets</Filter>
    </ClCompile>
    <ClCompile Include="src\ui\Drawables.cpp">
      <Filter>UI\Widgets</Filter>
    </ClCompile>
    <ClCompile Include="src\ui\Slider.cpp">
      <Filter>UI\Widgets</Filter>
    </ClCompile>
    <ClCompile Include="src\ui\CheckBox.cpp">
      <Filter>UI\Widgets</Filter>
    </ClCompile>
    <ClCompile Include="src\ui\ComboBox.cpp">
      <Filter>UI\Widgets</Filter>
    </ClCompile>
    <ClCompile Include="src\ui\Form.cpp">
      <Filter>UI</Filter>
    </ClCompile>
    <ClCompile Include="src\ui\IWidgetContainer.cpp">
      <Filter>UI</Filter>
    </ClCompile>
    <ClCompile Include="src\ui\FormScriptEnvironment.cpp">
      <Filter>UI\Script</Filter>
    </ClCompile>
    <ClCompile Include="src\ui\ButtonScriptFuncs.cpp">
      <Filter>UI\Script</Filter>
    </ClCompile>
    <ClCompile Include="src\ui\WidgetScriptFuncs.cpp">
      <Filter>UI\Script</Filter>
    </ClCompile>
    <ClCompile Include="src\ui\Button.cpp">
      <Filter>UI\Widgets</Filter>
    </ClCompile>
    <ClCompile Include="src\graphics\Texture.cpp">
      <Filter>Graphics\Wrappers</Filter>
    </ClCompile>
    <ClCompile Include="src\script\GraphicsScriptInterface.cpp">
      <Filter>Script</Filter>
    </ClCompile>
    <ClCompile Include="src\ui\SliderScriptFuncs.cpp">
      <Filter>UI\Script</Filter>
    </ClCompile>
    <ClCompile Include="src\ui\CheckBoxScriptFuncs.cpp">
      <Filter>UI\Script</Filter>
    </ClCompile>
    <ClCompile Include="src\ui\ComboBoxScriptFuncs.cpp">
      <Filter>UI\Script</Filter>
    </ClCompile>
    <ClCompile Include="src\ui\Panel.cpp">
      <Filter>UI\Widgets</Filter>
    </ClCompile>
    <ClCompile Include="src\ui\PanelScriptFuncs.cpp">
      <Filter>UI\Script</Filter>
    </ClCompile>
    <ClCompile Include="src\ui\ScriptedUI.cpp">
      <Filter>UI</Filter>
    </ClCompile>
    <ClCompile Include="src\ui\Label.cpp">
      <Filter>UI\Widgets</Filter>
    </ClCompile>
    <ClCompile Include="src\ui\LabelScriptFuncs.cpp">
      <Filter>UI\Script</Filter>
    </ClCompile>
    <ClCompile Include="src\ui\GameWindowScriptFuncs.cpp">
      <Filter>UI\Script</Filter>
    </ClCompile>
    <ClCompile Include="src\ui\WidgetList.cpp">
      <Filter>UI\Widgets</Filter>
    </ClCompile>
    <ClCompile Include="src\ui\WidgetListScriptFuncs.cpp">
      <Filter>UI\Script</Filter>
    </ClCompile>
    <ClCompile Include="src\ui\FocusController.cpp">
      <Filter>UI</Filter>
    </ClCompile>
    <ClCompile Include="src\graphics\Frustum.cpp">
      <Filter>Graphics</Filter>
    </ClCompile>
    <ClCompile Include="src\voxel\VoxelTetureStitcher.cpp">
      <Filter>Voxel</Filter>
    </ClCompile>
    <ClCompile Include="src\voxel\VoxCommon.cpp">
      <Filter>Voxel</Filter>
    </ClCompile>
    <ClCompile Include="doxygen\examples\VorbArray.cpp">
      <Filter>Examples</Filter>
    </ClCompile>
    <ClCompile Include="doxygen\examples\VorbArrayKeg.cpp">
      <Filter>Examples</Filter>
    </ClCompile>
    <ClCompile Include="doxygen\examples\VorbEnumOps.cpp">
      <Filter>Examples</Filter>
    </ClCompile>
    <ClCompile Include="doxygen\examples\VorbInit.cpp">
      <Filter>Examples</Filter>
    </ClCompile>
    <ClCompile Include="doxygen\examples\VorbKeg.cpp">
      <Filter>Examples</Filter>
    </ClCompile>
    <ClCompile Include="doxygen\examples\VorbLibs.cpp">
      <Filter>Examples</Filter>
    </ClCompile>
    <ClCompile Include="doxygen\examples\VorbPtrRecycler.cpp">
      <Filter>Examples</Filter>
    </ClCompile>
  </ItemGroup>
  <ItemGroup>
    <ClInclude Include="include/compat.h" />
    <ClInclude Include="include/stdafx.h" />
    <ClInclude Include="include/types.h" />
    <ClInclude Include="include/Vorb.h" />
    <ClInclude Include="include/graphics/gtypes.h">
      <Filter>Graphics</Filter>
    </ClInclude>
    <ClInclude Include="include/ui/IGameScreen.h">
      <Filter>UI</Filter>
    </ClInclude>
    <ClInclude Include="include/ui/MainGame.h">
      <Filter>UI</Filter>
    </ClInclude>
    <ClInclude Include="include/ui/ScreenList.h">
      <Filter>UI</Filter>
    </ClInclude>
    <ClInclude Include="include/FixedSizeArrayRecycler.hpp">
      <Filter>Core</Filter>
    </ClInclude>
    <ClInclude Include="include/ui/GameWindow.h">
      <Filter>UI</Filter>
    </ClInclude>
    <ClInclude Include="include/io/IOManager.h">
      <Filter>IO</Filter>
    </ClInclude>
    <ClInclude Include="include/io/Keg.h">
      <Filter>IO\Keg</Filter>
    </ClInclude>
    <ClInclude Include="include/utils.h">
      <Filter>Utils</Filter>
    </ClInclude>
    <ClInclude Include="include/Timing.h">
      <Filter>Utils</Filter>
    </ClInclude>
    <ClInclude Include="include/Random.h">
      <Filter>Utils</Filter>
    </ClInclude>
    <ClInclude Include="include/Events.hpp">
      <Filter>Utils</Filter>
    </ClInclude>
    <ClInclude Include="include/colors.h">
      <Filter>Utils</Filter>
    </ClInclude>
    <ClInclude Include="include/ThreadSync.h">
      <Filter>Utils</Filter>
    </ClInclude>
    <ClInclude Include="include/IThreadPoolTask.h">
      <Filter>Core\ADT</Filter>
    </ClInclude>
    <ClInclude Include="include/ThreadPool.h">
      <Filter>Core\ADT</Filter>
    </ClInclude>
    <ClInclude Include="include/ecs/ComponentTable.hpp">
      <Filter>ECS</Filter>
    </ClInclude>
    <ClInclude Include="include/ecs/ComponentTableBase.h">
      <Filter>ECS</Filter>
    </ClInclude>
    <ClInclude Include="include/ecs/ECS.h">
      <Filter>ECS</Filter>
    </ClInclude>
    <ClInclude Include="include/ecs/Entity.h">
      <Filter>ECS</Filter>
    </ClInclude>
    <ClInclude Include="include/ecs/MultiComponentTracker.hpp">
      <Filter>ECS</Filter>
    </ClInclude>
    <ClInclude Include="include/ecs/MultipleComponentSet.h">
      <Filter>ECS</Filter>
    </ClInclude>
    <ClInclude Include="include/PtrRecycler.hpp">
      <Filter>Core</Filter>
    </ClInclude>
    <ClInclude Include="include/RPC.h">
      <Filter>Core\ADT</Filter>
    </ClInclude>
    <ClInclude Include="include/ui/InputDispatcher.h">
      <Filter>UI\Input</Filter>
    </ClInclude>
    <ClInclude Include="include/ui/MouseInputDispatcher.h">
      <Filter>UI\Input</Filter>
    </ClInclude>
    <ClInclude Include="include/ui/KeyboardEventDispatcher.h">
      <Filter>UI\Input</Filter>
    </ClInclude>
    <ClInclude Include="include/ui/WindowEventDispatcher.h">
      <Filter>UI\Input</Filter>
    </ClInclude>
    <ClInclude Include="include/ui/LuaDevConsole.h">
      <Filter>UI\REPL</Filter>
    </ClInclude>
    <ClInclude Include="include/io/MemFile.h">
      <Filter>Utils</Filter>
    </ClInclude>
    <ClInclude Include="include/ui/TextInputListener.hpp">
      <Filter>UI\Input</Filter>
    </ClInclude>
    <ClInclude Include="include/graphics/GBuffer.h">
      <Filter>Graphics\Deferred</Filter>
    </ClInclude>
    <ClInclude Include="include/graphics/DeferredShaders.h">
      <Filter>Graphics\Deferred</Filter>
    </ClInclude>
    <ClInclude Include="include/graphics/DepthState.h">
      <Filter>Graphics\Wrappers</Filter>
    </ClInclude>
    <ClInclude Include="include/graphics/GLEnums.h">
      <Filter>Graphics\Wrappers</Filter>
    </ClInclude>
    <ClInclude Include="include/graphics/GLProgram.h">
      <Filter>Graphics\Wrappers</Filter>
    </ClInclude>
    <ClInclude Include="include/graphics/GLRenderTarget.h">
      <Filter>Graphics\Wrappers</Filter>
    </ClInclude>
    <ClInclude Include="include/graphics/GLStates.h">
      <Filter>Graphics\Wrappers</Filter>
    </ClInclude>
    <ClInclude Include="include/graphics/RasterizerState.h">
      <Filter>Graphics\Wrappers</Filter>
    </ClInclude>
    <ClInclude Include="include/graphics/SamplerState.h">
      <Filter>Graphics\Wrappers</Filter>
    </ClInclude>
    <ClInclude Include="include/graphics/FullQuadVBO.h">
      <Filter>Graphics\Utils</Filter>
    </ClInclude>
    <ClInclude Include="include/graphics/GpuMemory.h">
      <Filter>Graphics\Utils</Filter>
    </ClInclude>
    <ClInclude Include="include/graphics/GraphicsDevice.h">
      <Filter>Graphics\Utils</Filter>
    </ClInclude>
    <ClInclude Include="include/graphics/SpriteFont.h">
      <Filter>Graphics\Utils</Filter>
    </ClInclude>
    <ClInclude Include="include/graphics/Texture.h">
      <Filter>Graphics\Wrappers</Filter>
    </ClInclude>
    <ClInclude Include="include/graphics/RTSwapChain.hpp">
      <Filter>Graphics\Extensions</Filter>
    </ClInclude>
    <ClInclude Include="include/graphics/MeshData.h">
      <Filter>Graphics</Filter>
    </ClInclude>
    <ClInclude Include="include/graphics/ConnectedTextures.h">
      <Filter>Graphics\Texture</Filter>
    </ClInclude>
    <ClInclude Include="include/voxel/VoxelMesherCulled.h">
      <Filter>Voxel\Mesh\Algorithms</Filter>
    </ClInclude>
    <ClInclude Include="include/voxel/VoxelMeshAlg.h">
      <Filter>Voxel\Mesh\Algorithms</Filter>
    </ClInclude>
    <ClInclude Include="include/voxel/VoxCommon.h">
      <Filter>Voxel</Filter>
    </ClInclude>
    <ClInclude Include="include/decorators.h" />
    <ClInclude Include="include/graphics/TextureCache.h">
      <Filter>Graphics\Utils</Filter>
    </ClInclude>
    <ClInclude Include="include/io/Path.h">
      <Filter>IO\Wrappers</Filter>
    </ClInclude>
    <ClInclude Include="include/io/Directory.h">
      <Filter>IO\Wrappers</Filter>
    </ClInclude>
    <ClInclude Include="include/io/File.h">
      <Filter>IO\Wrappers</Filter>
    </ClInclude>
    <ClInclude Include="include/io/FileStream.h">
      <Filter>IO\Wrappers</Filter>
    </ClInclude>
    <ClInclude Include="include/io/FileOps.h">
      <Filter>IO\Wrappers</Filter>
    </ClInclude>
    <ClInclude Include="include/sound/SoundEngine.h">
      <Filter>Sound</Filter>
    </ClInclude>
    <ClInclude Include="include/sound/SoundResource.h">
      <Filter>Sound</Filter>
    </ClInclude>
    <ClInclude Include="include/sound/SoundInstance.h">
      <Filter>Sound</Filter>
    </ClInclude>
    <ClInclude Include="include/sound/SoundListener.h">
      <Filter>Sound</Filter>
    </ClInclude>
    <ClInclude Include="src/sound/SoundImpl.hpp">
      <Filter>Sound</Filter>
    </ClInclude>
    <ClInclude Include="include/sound/ISoundImpl.h">
      <Filter>Sound</Filter>
    </ClInclude>
    <ClInclude Include="include/IDGenerator.h">
      <Filter>Core</Filter>
    </ClInclude>
    <ClInclude Include="include/RingBuffer.hpp">
      <Filter>Core\ADT</Filter>
    </ClInclude>
    <ClInclude Include="deps/src/sha256/sha256sum.h">
      <Filter>Deps</Filter>
    </ClInclude>
    <ClInclude Include="include/graphics/ImageIO.h">
      <Filter>Graphics\IO</Filter>
    </ClInclude>
    <ClInclude Include="include/graphics/ModelIO.h">
      <Filter>Graphics\IO</Filter>
    </ClInclude>
    <ClInclude Include="include/IO.h">
      <Filter>IO</Filter>
    </ClInclude>
    <ClInclude Include="include\ecs\BitTable.hpp">
      <Filter>ECS</Filter>
    </ClInclude>
    <ClInclude Include="include\Constants.h">
      <Filter>Utils</Filter>
    </ClInclude>
    <ClInclude Include="include\ScopedTiming.hpp">
      <Filter>Utils</Filter>
    </ClInclude>
    <ClInclude Include="include\graphics\SpriteBatch.h">
      <Filter>Graphics\Utils</Filter>
    </ClInclude>
    <ClInclude Include="include\VorbLibs.h" />
    <ClInclude Include="src\ui\InputDispatcherEventCatcher.h">
      <Filter>UI\Input</Filter>
    </ClInclude>
    <ClInclude Include="include\MeshGenerators.h">
      <Filter>Graphics\Utils</Filter>
    </ClInclude>
    <ClInclude Include="include\TextureRecycler.hpp">
      <Filter>Graphics\Extensions</Filter>
    </ClInclude>
    <ClInclude Include="include\io\KegType.h">
      <Filter>IO\Keg</Filter>
    </ClInclude>
    <ClInclude Include="include\io\KegValue.h">
      <Filter>IO\Keg</Filter>
    </ClInclude>
    <ClInclude Include="include\io\KegBasic.h">
      <Filter>IO\Keg</Filter>
    </ClInclude>
    <ClInclude Include="include\io\KegEnum.h">
      <Filter>IO\Keg</Filter>
    </ClInclude>
    <ClInclude Include="include\io\KegEnvironment.h">
      <Filter>IO\Keg</Filter>
    </ClInclude>
    <ClInclude Include="include\script\Environment.h">
      <Filter>Script</Filter>
    </ClInclude>
    <ClInclude Include="include\script\Script.h">
      <Filter>Script</Filter>
    </ClInclude>
    <ClInclude Include="include\script\Function.h">
      <Filter>Script</Filter>
    </ClInclude>
    <ClInclude Include="include\graphics\AnimationData.h">
      <Filter>Graphics</Filter>
    </ClInclude>
    <ClInclude Include="include\Graphics.h" />
    <ClInclude Include="include\script\ScriptValueSenders.h">
      <Filter>Script</Filter>
    </ClInclude>
    <ClInclude Include="include\io\KegFuncs.h">
      <Filter>IO\Keg</Filter>
    </ClInclude>
    <ClInclude Include="include\io\YAML.h">
      <Filter>IO\YAML</Filter>
    </ClInclude>
    <ClInclude Include="include\io\YAMLConverters.h">
      <Filter>IO\YAML</Filter>
    </ClInclude>
    <ClInclude Include="src\io\YAMLImpl.h">
      <Filter>IO\YAML</Filter>
    </ClInclude>
    <ClInclude Include="include\io\YAMLNode.h">
      <Filter>IO\YAML</Filter>
    </ClInclude>
    <ClInclude Include="include\io\YAMLReader.h">
      <Filter>IO\YAML</Filter>
    </ClInclude>
    <ClInclude Include="include\io\YAMLWriter.h">
      <Filter>IO\YAML</Filter>
    </ClInclude>
    <ClInclude Include="include\script\REPL.h">
      <Filter>Script</Filter>
    </ClInclude>
    <ClInclude Include="include\script\ScriptImpl.h">
      <Filter>Script</Filter>
    </ClInclude>
    <ClInclude Include="include\graphics\ShaderManager.h">
      <Filter>Graphics\Wrappers</Filter>
    </ClInclude>
    <ClInclude Include="include\graphics\ShaderParser.h">
      <Filter>Graphics\Utils</Filter>
    </ClInclude>
    <ClInclude Include="include\graphics\ShaderInterface.h">
      <Filter>Graphics\Utils</Filter>
    </ClInclude>
    <ClInclude Include="include\ui\KeyStrings.h">
      <Filter>UI\Input</Filter>
    </ClInclude>
    <ClInclude Include="include\ui\UIRenderer.h">
      <Filter>UI</Filter>
    </ClInclude>
    <ClInclude Include="include\ui\Widget.h">
      <Filter>UI\Widgets</Filter>
    </ClInclude>
    <ClInclude Include="include\ui\Drawables.h">
      <Filter>UI\Widgets</Filter>
    </ClInclude>
    <ClInclude Include="include\ui\WidgetStyle.h">
      <Filter>UI\Widgets</Filter>
    </ClInclude>
    <ClInclude Include="include\ui\Slider.h">
      <Filter>UI\Widgets</Filter>
    </ClInclude>
    <ClInclude Include="include\ui\CheckBox.h">
      <Filter>UI\Widgets</Filter>
    </ClInclude>
    <ClInclude Include="include\ui\ComboBox.h">
      <Filter>UI\Widgets</Filter>
    </ClInclude>
    <ClInclude Include="include\ui\Form.h">
      <Filter>UI</Filter>
    </ClInclude>
    <ClInclude Include="include\ui\IWidgetContainer.h">
      <Filter>UI</Filter>
    </ClInclude>
    <ClInclude Include="include\ui\FormScriptEnvironment.h">
      <Filter>UI\Script</Filter>
    </ClInclude>
    <ClInclude Include="include\ui\ButtonScriptFuncs.h">
      <Filter>UI\Script</Filter>
    </ClInclude>
    <ClInclude Include="include\ui\WidgetScriptFuncs.h">
      <Filter>UI\Script</Filter>
    </ClInclude>
    <ClInclude Include="include\ui\Button.h">
      <Filter>UI\Widgets</Filter>
    </ClInclude>
    <ClInclude Include="include\script\GraphicsScriptInterface.h">
      <Filter>Script</Filter>
    </ClInclude>
    <ClInclude Include="include\ui\SliderScriptFuncs.h">
      <Filter>UI\Script</Filter>
    </ClInclude>
    <ClInclude Include="include\ui\CheckBoxScriptFuncs.h">
      <Filter>UI\Script</Filter>
    </ClInclude>
    <ClInclude Include="include\ui\ComboBoxScriptFuncs.h">
      <Filter>UI\Script</Filter>
    </ClInclude>
    <ClInclude Include="include\ui\Panel.h">
      <Filter>UI\Widgets</Filter>
    </ClInclude>
    <ClInclude Include="include\ui\PanelScriptFuncs.h">
      <Filter>UI\Script</Filter>
    </ClInclude>
    <ClInclude Include="include\ui\ScriptedUI.h">
      <Filter>UI</Filter>
    </ClInclude>
    <ClInclude Include="include\ui\Label.h">
      <Filter>UI\Widgets</Filter>
    </ClInclude>
    <ClInclude Include="include\ui\LabelScriptFuncs.h">
      <Filter>UI\Script</Filter>
    </ClInclude>
    <ClInclude Include="include\ui\GameWindowScriptFuncs.h">
      <Filter>UI\Script</Filter>
    </ClInclude>
    <ClInclude Include="include\ui\WidgetList.h">
      <Filter>UI\Widgets</Filter>
    </ClInclude>
    <ClInclude Include="include\ui\WidgetListScriptFuncs.h">
      <Filter>UI\Script</Filter>
    </ClInclude>
    <ClInclude Include="include\ui\FocusController.h">
      <Filter>UI</Filter>
    </ClInclude>
    <ClInclude Include="include\Asset.h">
      <Filter>Core</Filter>
    </ClInclude>
    <ClInclude Include="include\AssetLoader.h">
      <Filter>Core</Filter>
    </ClInclude>
    <ClInclude Include="include\graphics\Frustum.h">
      <Filter>Graphics</Filter>
    </ClInclude>
    <ClInclude Include="include\voxel\VoxelTextureStitcher.h">
      <Filter>Voxel</Filter>
    </ClInclude>
    <ClInclude Include="include\voxel\IntervalTree.h">
      <Filter>Voxel</Filter>
    </ClInclude>
    <ClInclude Include="doxygen\examples\VorbKeg.h">
      <Filter>Examples</Filter>
    </ClInclude>
    <ClInclude Include="include\io\KegTypes.h">
      <Filter>IO\Keg</Filter>
    </ClInclude>
    <ClInclude Include="include\VorbMemory.h">
      <Filter>Core\Memory</Filter>
    </ClInclude>
    <ClInclude Include="include\Quaternion.hpp">
      <Filter>Core</Filter>
    </ClInclude>
    <ClInclude Include="include\Vector.hpp">
      <Filter>Core</Filter>
    </ClInclude>
    <ClInclude Include="include\Matrix.hpp">
      <Filter>Core</Filter>
    </ClInclude>
    <ClInclude Include="include\math\VorbMath.hpp">
      <Filter>Core\Math</Filter>
    </ClInclude>
    <ClInclude Include="include\math\VectorMath.hpp">
      <Filter>Core\Math</Filter>
    </ClInclude>
    <ClInclude Include="include\math\QuaternionMath.hpp">
      <Filter>Core\Math</Filter>
    </ClInclude>
    <ClInclude Include="include\VorbAssert.hpp">
      <Filter>Core</Filter>
    </ClInclude>
    <ClInclude Include="include\os.h" />
    <ClInclude Include="include\math\TweeningMath.hpp">
      <Filter>Core\Math</Filter>
    </ClInclude>
  </ItemGroup>
  <ItemGroup>
    <Filter Include="Core">
      <UniqueIdentifier>{47c671d5-c6af-4c7a-8afa-eaec9e3f31cc}</UniqueIdentifier>
    </Filter>
    <Filter Include="UI">
      <UniqueIdentifier>{77f93b98-ec01-4628-bed2-7efb90da8d7e}</UniqueIdentifier>
    </Filter>
    <Filter Include="Voxel">
      <UniqueIdentifier>{be6a6da2-e8cd-4dad-adaa-7a705921f506}</UniqueIdentifier>
    </Filter>
    <Filter Include="IO">
      <UniqueIdentifier>{9ef32450-4388-4e0b-bcfa-7afa4faf7ea4}</UniqueIdentifier>
    </Filter>
    <Filter Include="IO\Keg">
      <UniqueIdentifier>{279a572d-8160-4392-a3d2-988fdb513d66}</UniqueIdentifier>
    </Filter>
    <Filter Include="Utils">
      <UniqueIdentifier>{697c6002-2f1c-4b32-9b83-d3af9d9d4056}</UniqueIdentifier>
    </Filter>
    <Filter Include="UI\Input">
      <UniqueIdentifier>{84a1a378-d9b6-49d5-bad8-286be1b6565a}</UniqueIdentifier>
    </Filter>
    <Filter Include="UI\REPL">
      <UniqueIdentifier>{cc06d404-9d09-46c7-9776-5d47af2befd4}</UniqueIdentifier>
    </Filter>
    <Filter Include="Voxel\Mesh">
      <UniqueIdentifier>{dff71a9e-18a2-4992-a4ad-ae49c156595a}</UniqueIdentifier>
    </Filter>
    <Filter Include="Voxel\Mesh\Algorithms">
      <UniqueIdentifier>{4884f9c0-beef-44fb-b408-495d0c4d6329}</UniqueIdentifier>
    </Filter>
    <Filter Include="Sound">
      <UniqueIdentifier>{ebd75801-6efb-4baa-9055-dde194ce4a4a}</UniqueIdentifier>
    </Filter>
    <Filter Include="Core\ADT">
      <UniqueIdentifier>{23934580-2774-41c1-9e4e-f68a549d1368}</UniqueIdentifier>
    </Filter>
    <Filter Include="Graphics">
      <UniqueIdentifier>{06e6f9cb-eca8-461c-94ac-9705e422f46a}</UniqueIdentifier>
    </Filter>
    <Filter Include="Graphics\Deferred">
      <UniqueIdentifier>{d885ab76-4ae5-4152-9bd4-c5a7af213015}</UniqueIdentifier>
    </Filter>
    <Filter Include="Graphics\Wrappers">
      <UniqueIdentifier>{624d6dc6-02a2-441c-8ff7-779b44b2ade5}</UniqueIdentifier>
    </Filter>
    <Filter Include="Graphics\Utils">
      <UniqueIdentifier>{1ba6a05d-9cee-4082-ba47-7aa55c60d760}</UniqueIdentifier>
    </Filter>
    <Filter Include="Graphics\Extensions">
      <UniqueIdentifier>{11aad47b-fcc4-4af4-b22c-be40b54bf6a6}</UniqueIdentifier>
    </Filter>
    <Filter Include="Graphics\Texture">
      <UniqueIdentifier>{2f19ac72-7d3a-4fb0-b742-b56ec2571954}</UniqueIdentifier>
    </Filter>
    <Filter Include="Deps">
      <UniqueIdentifier>{34bb000b-8ee6-44a1-9ccb-d5d567552044}</UniqueIdentifier>
    </Filter>
    <Filter Include="ECS">
      <UniqueIdentifier>{2623b98e-6c4b-492f-ba48-960edaa783f9}</UniqueIdentifier>
    </Filter>
    <Filter Include="Graphics\IO">
      <UniqueIdentifier>{b9ab0e0b-8d58-4d9f-a735-2c317be88687}</UniqueIdentifier>
    </Filter>
    <Filter Include="Net">
      <UniqueIdentifier>{08ae98f0-3d08-453a-9236-e213da5e47e0}</UniqueIdentifier>
    </Filter>
    <Filter Include="Examples">
      <UniqueIdentifier>{1d9ddeed-414e-4f29-ad35-68b795bdad96}</UniqueIdentifier>
    </Filter>
    <Filter Include="IO\Wrappers">
      <UniqueIdentifier>{8bff44af-cc74-45d7-b763-5853fa3ab415}</UniqueIdentifier>
    </Filter>
    <Filter Include="Script">
      <UniqueIdentifier>{71198462-646c-4056-be32-d4bd63e5ad85}</UniqueIdentifier>
    </Filter>
    <Filter Include="IO\YAML">
      <UniqueIdentifier>{9a85e0eb-e38f-4c09-bbb6-96b126863b0f}</UniqueIdentifier>
    </Filter>
    <Filter Include="UI\Script">
      <UniqueIdentifier>{fdb66444-3703-44c0-8d58-c7904078ab4c}</UniqueIdentifier>
    </Filter>
    <Filter Include="UI\Widgets">
      <UniqueIdentifier>{6831e976-cf70-4275-a381-a9c555561184}</UniqueIdentifier>
    </Filter>
    <Filter Include="Core\Memory">
      <UniqueIdentifier>{fffbb386-7c57-462d-bb4d-672f2f7f9b54}</UniqueIdentifier>
    </Filter>
    <Filter Include="Core\Math">
      <UniqueIdentifier>{e575dcfd-fb79-4e39-b4be-6d177ad7ed42}</UniqueIdentifier>
    </Filter>
  </ItemGroup>
  <ItemGroup>
    <None Include="include/Radix.inl">
      <Filter>Utils</Filter>
    </None>
    <None Include="include/FastConversion.inl">
      <Filter>Utils</Filter>
    </None>
    <None Include="include/BufferUtils.inl">
      <Filter>Utils</Filter>
    </None>
    <None Include="include/ThreadPool.inl">
      <Filter>Core\ADT</Filter>
    </None>
    <None Include="include/ui/Keys.inl">
      <Filter>UI\Input</Filter>
    </None>
    <None Include="include/VorbPreDecl.inl" />
    <None Include="src/sound/SoundImplFMOD.inl">
      <Filter>Sound</Filter>
    </None>
    <None Include="include/typesArray.inl" />
    <None Include="include/typesColor.inl" />
    <None Include="include/RingBuffer.inl">
      <Filter>Core\ADT</Filter>
    </None>
    <None Include="src\graphics\SpriteBatchShader.inl">
      <Filter>Graphics\Utils</Filter>
    </None>
    <None Include="src\graphics\ImageIOConv.inl">
      <Filter>Graphics\IO</Filter>
    </None>
    <None Include="src\ui\KeyMappings.inl">
      <Filter>UI\Input</Filter>
    </None>
    <None Include="src\graphics\ImageIOConvF.inl">
      <Filter>Graphics\IO</Filter>
    </None>
    <None Include="src\ImplGraphicsH.inl" />
    <None Include="src\io\YAMLInternal.inl">
      <Filter>IO\YAML</Filter>
    </None>
    <None Include="include\AssetLoader.inl">
      <Filter>Core\ADT</Filter>
    </None>
    <None Include="include\voxel\IntervalTree.inl">
      <Filter>Voxel</Filter>
    </None>
    <None Include="include\IntersectionUtils.hpp">
      <Filter>Utils</Filter>
    </None>
    <None Include="include\Matrix.inl">
      <Filter>Core</Filter>
    </None>
    <None Include="include\Vector.inl">
      <Filter>Core</Filter>
    </None>
    <None Include="include\Quaternion.inl">
      <Filter>Core</Filter>
    </None>
    <None Include="include\math\MatrixMath.hpp">
      <Filter>Core\Math</Filter>
    </None>
  </ItemGroup>
  <ItemGroup>
    <Text Include="KEG.txt">
      <Filter>IO\Keg</Filter>
    </Text>
  </ItemGroup>
</Project>