<?xml version="1.0" encoding="utf-8"?>
<Project ToolsVersion="4.0" xmlns="http://schemas.microsoft.com/developer/msbuild/2003">
  <ItemGroup>
    <ClCompile Include="src/stdafx.cpp" />
    <ClCompile Include="src/MainGame.cpp">
      <Filter>UI</Filter>
    </ClCompile>
    <ClCompile Include="src/ScreenList.cpp">
      <Filter>UI</Filter>
    </ClCompile>
    <ClCompile Include="src/ImageSaver.cpp">
      <Filter>Core\Graphics</Filter>
    </ClCompile>
    <ClCompile Include="src/ImageLoader.cpp">
      <Filter>Core\Graphics</Filter>
    </ClCompile>
    <ClCompile Include="src/GameWindow.cpp">
      <Filter>UI</Filter>
    </ClCompile>
    <ClCompile Include="src/Mesh.cpp">
      <Filter>Core\Graphics</Filter>
    </ClCompile>
    <ClCompile Include="src/OpenglSurfaceFactory.cpp">
      <Filter>UI</Filter>
    </ClCompile>
    <ClCompile Include="src/IRenderStage.cpp">
      <Filter>Core\Graphics</Filter>
    </ClCompile>
    <ClCompile Include="src/IRenderPipeline.cpp">
      <Filter>Core\Graphics</Filter>
    </ClCompile>
    <ClCompile Include="src/IOManager.cpp">
      <Filter>IO</Filter>
    </ClCompile>
    <ClCompile Include="src/Keg.cpp">
      <Filter>IO\Keg</Filter>
    </ClCompile>
    <ClCompile Include="src/lodepng.cpp">
      <Filter>Core\Graphics</Filter>
    </ClCompile>
    <ClCompile Include="src/Timing.cpp">
      <Filter>Utils</Filter>
    </ClCompile>
    <ClCompile Include="src/Random.cpp">
      <Filter>Utils</Filter>
    </ClCompile>
    <ClCompile Include="src/colors.cpp">
      <Filter>Utils</Filter>
    </ClCompile>
    <ClCompile Include="src/ImageIO.cpp">
      <Filter>IO</Filter>
    </ClCompile>
    <ClCompile Include="src/ComponentTableBase.cpp">
      <Filter>Core\ECS</Filter>
    </ClCompile>
    <ClCompile Include="src/ECS.cpp">
      <Filter>Core\ECS</Filter>
    </ClCompile>
    <ClCompile Include="src/MultipleComponentSet.cpp">
      <Filter>Core\ECS</Filter>
    </ClCompile>
    <ClCompile Include="src/RPC.cpp">
      <Filter>Core\ADT</Filter>
    </ClCompile>
    <ClCompile Include="src/InputDispatcher.cpp">
      <Filter>UI\Input</Filter>
    </ClCompile>
    <ClCompile Include="src/LuaDevConsole.cpp">
      <Filter>UI\REPL</Filter>
    </ClCompile>
    <ClCompile Include="src/MemFile.cpp">
      <Filter>Utils</Filter>
    </ClCompile>
    <ClCompile Include="src/GBuffer.cpp">
      <Filter>Core\Graphics\Deferred</Filter>
    </ClCompile>
    <ClCompile Include="src/DeferredShaders.cpp">
      <Filter>Core\Graphics\Deferred</Filter>
    </ClCompile>
    <ClCompile Include="src/ModelIO.cpp">
      <Filter>IO</Filter>
    </ClCompile>
    <ClCompile Include="src/DepthState.cpp">
      <Filter>Core\Graphics\Wrappers</Filter>
    </ClCompile>
    <ClCompile Include="src/GLProgram.cpp">
      <Filter>Core\Graphics\Wrappers</Filter>
    </ClCompile>
    <ClCompile Include="src/GLRenderTarget.cpp">
      <Filter>Core\Graphics\Wrappers</Filter>
    </ClCompile>
    <ClCompile Include="src/RasterizerState.cpp">
      <Filter>Core\Graphics\Wrappers</Filter>
    </ClCompile>
    <ClCompile Include="src/SamplerState.cpp">
      <Filter>Core\Graphics\Wrappers</Filter>
    </ClCompile>
    <ClCompile Include="src/FullQuadVBO.cpp">
      <Filter>Core\Graphics\Utils</Filter>
    </ClCompile>
    <ClCompile Include="src/GpuMemory.cpp">
      <Filter>Core\Graphics\Utils</Filter>
    </ClCompile>
    <ClCompile Include="src/GraphicsDevice.cpp">
      <Filter>Core\Graphics\Utils</Filter>
    </ClCompile>
    <ClCompile Include="src/SpriteBatch.cpp">
      <Filter>Core\Graphics\Utils</Filter>
    </ClCompile>
    <ClCompile Include="src/SpriteFont.cpp">
      <Filter>Core\Graphics\Utils</Filter>
    </ClCompile>
    <ClCompile Include="src/Vorb.cpp" />
    <ClCompile Include="src/ConnectedTextures.cpp">
      <Filter>Core\Graphics\Texture</Filter>
    </ClCompile>
    <ClCompile Include="src/VoxCommon.cpp">
      <Filter>Voxel</Filter>
    </ClCompile>
    <ClCompile Include="src/TextureCache.cpp">
      <Filter>Core\Graphics\Utils</Filter>
    </ClCompile>
    <ClCompile Include="src/Path.cpp">
      <Filter>IO\Wrappers</Filter>
    </ClCompile>
    <ClCompile Include="src/Directory.cpp">
      <Filter>IO\Wrappers</Filter>
    </ClCompile>
    <ClCompile Include="src/File.cpp">
      <Filter>IO\Wrappers</Filter>
    </ClCompile>
    <ClCompile Include="src/FileOps.cpp">
      <Filter>IO\Wrappers</Filter>
    </ClCompile>
    <ClCompile Include="src\SoundEngine.cpp">
      <Filter>Sound</Filter>
    </ClCompile>
    <ClCompile Include="src\SoundInstance.cpp">
      <Filter>Sound</Filter>
    </ClCompile>
    <ClCompile Include="src\MeshGenIcosphere.cpp" />
  </ItemGroup>
  <ItemGroup>
    <ClInclude Include="include/compat.h" />
    <ClInclude Include="include/stdafx.h" />
    <ClInclude Include="include/types.h" />
    <ClInclude Include="include/Vorb.h" />
    <ClInclude Include="include/AwesomiumInterface.h">
      <Filter>UI</Filter>
    </ClInclude>
    <ClInclude Include="include/gtypes.h">
      <Filter>Core\Graphics</Filter>
    </ClInclude>
    <ClInclude Include="include/IGameScreen.h">
      <Filter>UI</Filter>
    </ClInclude>
    <ClInclude Include="include/MainGame.h">
      <Filter>UI</Filter>
    </ClInclude>
    <ClInclude Include="include/ScreenList.h">
      <Filter>UI</Filter>
    </ClInclude>
    <ClInclude Include="include/ImageSaver.h">
      <Filter>Core\Graphics</Filter>
    </ClInclude>
    <ClInclude Include="include/ImageLoader.h">
      <Filter>Core\Graphics</Filter>
    </ClInclude>
    <ClInclude Include="include/FixedSizeArrayRecycler.hpp">
      <Filter>Core</Filter>
    </ClInclude>
    <ClInclude Include="include/GameWindow.h">
      <Filter>UI</Filter>
    </ClInclude>
    <ClInclude Include="include/Mesh.h">
      <Filter>Core\Graphics</Filter>
    </ClInclude>
    <ClInclude Include="include/OpenglSurfaceFactory.h">
      <Filter>UI</Filter>
    </ClInclude>
    <ClInclude Include="include/IRenderStage.h">
      <Filter>Core\Graphics</Filter>
    </ClInclude>
    <ClInclude Include="include/IRenderPipeline.h">
      <Filter>Core\Graphics</Filter>
    </ClInclude>
    <ClInclude Include="include/IAwesomiumInterface.h">
      <Filter>UI</Filter>
    </ClInclude>
    <ClInclude Include="include/IOManager.h">
      <Filter>IO</Filter>
    </ClInclude>
    <ClInclude Include="include/Keg.h">
      <Filter>IO\Keg</Filter>
    </ClInclude>
    <ClInclude Include="include/utils.h">
      <Filter>Utils</Filter>
    </ClInclude>
    <ClInclude Include="include/lodepng.h">
      <Filter>Core\Graphics</Filter>
    </ClInclude>
    <ClInclude Include="include/Timing.h">
      <Filter>Utils</Filter>
    </ClInclude>
    <ClInclude Include="include/Random.h">
      <Filter>Utils</Filter>
    </ClInclude>
    <ClInclude Include="include/Events.hpp">
      <Filter>Utils</Filter>
    </ClInclude>
    <ClInclude Include="include/colors.h">
      <Filter>Utils</Filter>
    </ClInclude>
    <ClInclude Include="include/ImageIO.h">
      <Filter>IO</Filter>
    </ClInclude>
    <ClInclude Include="include/ThreadSync.h">
      <Filter>Utils</Filter>
    </ClInclude>
    <ClInclude Include="include/IThreadPoolTask.h">
      <Filter>Core\ADT</Filter>
    </ClInclude>
    <ClInclude Include="include/ThreadPool.h">
      <Filter>Core\ADT</Filter>
    </ClInclude>
    <ClInclude Include="include/ComponentTable.hpp">
      <Filter>Core\ECS</Filter>
    </ClInclude>
    <ClInclude Include="include/ComponentTableBase.h">
      <Filter>Core\ECS</Filter>
    </ClInclude>
    <ClInclude Include="include/ECS.h">
      <Filter>Core\ECS</Filter>
    </ClInclude>
    <ClInclude Include="include/ECSSimpleUpdater.h">
      <Filter>Core\ECS</Filter>
    </ClInclude>
    <ClInclude Include="include/Entity.h">
      <Filter>Core\ECS</Filter>
    </ClInclude>
    <ClInclude Include="include/MultiComponentTracker.hpp">
      <Filter>Core\ECS</Filter>
    </ClInclude>
    <ClInclude Include="include/MultipleComponentSet.h">
      <Filter>Core\ECS</Filter>
    </ClInclude>
    <ClInclude Include="include/PtrRecycler.hpp">
      <Filter>Core</Filter>
    </ClInclude>
    <ClInclude Include="include/RPC.h">
      <Filter>Core\ADT</Filter>
    </ClInclude>
    <ClInclude Include="include/InputDispatcher.h">
      <Filter>UI\Input</Filter>
    </ClInclude>
    <ClInclude Include="include/MouseInputDispatcher.h">
      <Filter>UI\Input</Filter>
    </ClInclude>
    <ClInclude Include="include/KeyboardEventDispatcher.h">
      <Filter>UI\Input</Filter>
    </ClInclude>
    <ClInclude Include="include/WindowEventDispatcher.h">
      <Filter>UI\Input</Filter>
    </ClInclude>
    <ClInclude Include="include/LuaDevConsole.h">
      <Filter>UI\REPL</Filter>
    </ClInclude>
    <ClInclude Include="include/MemFile.h">
      <Filter>Utils</Filter>
    </ClInclude>
    <ClInclude Include="include/TextInputListener.hpp">
      <Filter>UI\Input</Filter>
    </ClInclude>
    <ClInclude Include="include/GBuffer.h">
      <Filter>Core\Graphics\Deferred</Filter>
    </ClInclude>
    <ClInclude Include="include/DeferredShaders.h">
      <Filter>Core\Graphics\Deferred</Filter>
    </ClInclude>
    <ClInclude Include="include/ModelIO.h">
      <Filter>IO</Filter>
    </ClInclude>
    <ClInclude Include="include/DepthState.h">
      <Filter>Core\Graphics\Wrappers</Filter>
    </ClInclude>
    <ClInclude Include="include/GLEnums.h">
      <Filter>Core\Graphics\Wrappers</Filter>
    </ClInclude>
    <ClInclude Include="include/GLProgram.h">
      <Filter>Core\Graphics\Wrappers</Filter>
    </ClInclude>
    <ClInclude Include="include/GLRenderTarget.h">
      <Filter>Core\Graphics\Wrappers</Filter>
    </ClInclude>
    <ClInclude Include="include/GLStates.h">
      <Filter>Core\Graphics\Wrappers</Filter>
    </ClInclude>
    <ClInclude Include="include/RasterizerState.h">
      <Filter>Core\Graphics\Wrappers</Filter>
    </ClInclude>
    <ClInclude Include="include/SamplerState.h">
      <Filter>Core\Graphics\Wrappers</Filter>
    </ClInclude>
    <ClInclude Include="include/FullQuadVBO.h">
      <Filter>Core\Graphics\Utils</Filter>
    </ClInclude>
    <ClInclude Include="include/GpuMemory.h">
      <Filter>Core\Graphics\Utils</Filter>
    </ClInclude>
    <ClInclude Include="include/GraphicsDevice.h">
      <Filter>Core\Graphics\Utils</Filter>
    </ClInclude>
    <ClInclude Include="include/SpriteBatch.h">
      <Filter>Core\Graphics\Utils</Filter>
    </ClInclude>
    <ClInclude Include="include/SpriteFont.h">
      <Filter>Core\Graphics\Utils</Filter>
    </ClInclude>
    <ClInclude Include="include/Texture.h">
      <Filter>Core\Graphics\Wrappers</Filter>
    </ClInclude>
    <ClInclude Include="include/RTSwapChain.hpp">
      <Filter>Core\Graphics\Extensions</Filter>
    </ClInclude>
    <ClInclude Include="include/MeshData.h">
      <Filter>Core\Graphics</Filter>
    </ClInclude>
    <ClInclude Include="include/ConnectedTextures.h">
      <Filter>Core\Graphics\Texture</Filter>
    </ClInclude>
    <ClInclude Include="include/VoxelMesherCulled.h">
      <Filter>Voxel\Mesh\Algorithms</Filter>
    </ClInclude>
    <ClInclude Include="include/VoxelMeshAlg.h">
      <Filter>Voxel\Mesh\Algorithms</Filter>
    </ClInclude>
    <ClInclude Include="include/VoxCommon.h">
      <Filter>Voxel</Filter>
    </ClInclude>
    <ClInclude Include="include/decorators.h" />
    <ClInclude Include="include/TextureCache.h">
      <Filter>Core\Graphics\Utils</Filter>
    </ClInclude>
    <ClInclude Include="include/Path.h">
      <Filter>IO\Wrappers</Filter>
    </ClInclude>
    <ClInclude Include="include/Directory.h">
      <Filter>IO\Wrappers</Filter>
    </ClInclude>
    <ClInclude Include="include/File.h">
      <Filter>IO\Wrappers</Filter>
    </ClInclude>
    <ClInclude Include="include/FileStream.h">
      <Filter>IO\Wrappers</Filter>
    </ClInclude>
    <ClInclude Include="include/FileOps.h">
      <Filter>IO\Wrappers</Filter>
    </ClInclude>
    <ClInclude Include="include/IO.h">
      <Filter>IO\Wrappers</Filter>
    </ClInclude>
    <ClInclude Include="include\SoundEngine.h">
      <Filter>Sound</Filter>
    </ClInclude>
    <ClInclude Include="include\SoundResource.h">
      <Filter>Sound</Filter>
    </ClInclude>
    <ClInclude Include="include\SoundInstance.h">
      <Filter>Sound</Filter>
    </ClInclude>
    <ClInclude Include="include\SoundListener.h">
      <Filter>Sound</Filter>
    </ClInclude>
    <ClInclude Include="src\SoundImpl.hpp">
      <Filter>Sound</Filter>
    </ClInclude>
    <ClInclude Include="include\ISoundImpl.h">
      <Filter>Sound</Filter>
    </ClInclude>
    <ClInclude Include="include/IDGenerator.h">
      <Filter>Core</Filter>
    </ClInclude>
    <ClInclude Include="include\MeshGenerators.h" />
    <ClInclude Include="include\TextureRecycler.hpp" />
  </ItemGroup>
  <ItemGroup>
    <Filter Include="Core">
      <UniqueIdentifier>{47c671d5-c6af-4c7a-8afa-eaec9e3f31cc}</UniqueIdentifier>
    </Filter>
    <Filter Include="Core\Graphics">
      <UniqueIdentifier>{06e6f9cb-eca8-461c-94ac-9705e422f46a}</UniqueIdentifier>
    </Filter>
    <Filter Include="UI">
      <UniqueIdentifier>{77f93b98-ec01-4628-bed2-7efb90da8d7e}</UniqueIdentifier>
    </Filter>
    <Filter Include="Voxel">
      <UniqueIdentifier>{be6a6da2-e8cd-4dad-adaa-7a705921f506}</UniqueIdentifier>
    </Filter>
    <Filter Include="IO">
      <UniqueIdentifier>{9ef32450-4388-4e0b-bcfa-7afa4faf7ea4}</UniqueIdentifier>
    </Filter>
    <Filter Include="IO\Keg">
      <UniqueIdentifier>{279a572d-8160-4392-a3d2-988fdb513d66}</UniqueIdentifier>
    </Filter>
    <Filter Include="Utils">
      <UniqueIdentifier>{697c6002-2f1c-4b32-9b83-d3af9d9d4056}</UniqueIdentifier>
    </Filter>
    <Filter Include="Core\ADT">
      <UniqueIdentifier>{23934580-2774-41c1-9e4e-f68a549d1368}</UniqueIdentifier>
    </Filter>
    <Filter Include="Core\ECS">
      <UniqueIdentifier>{2623b98e-6c4b-492f-ba48-960edaa783f9}</UniqueIdentifier>
    </Filter>
    <Filter Include="UI\Input">
      <UniqueIdentifier>{84a1a378-d9b6-49d5-bad8-286be1b6565a}</UniqueIdentifier>
    </Filter>
    <Filter Include="UI\REPL">
      <UniqueIdentifier>{cc06d404-9d09-46c7-9776-5d47af2befd4}</UniqueIdentifier>
    </Filter>
    <Filter Include="Core\Graphics\Deferred">
      <UniqueIdentifier>{d885ab76-4ae5-4152-9bd4-c5a7af213015}</UniqueIdentifier>
    </Filter>
    <Filter Include="Core\Graphics\Wrappers">
      <UniqueIdentifier>{624d6dc6-02a2-441c-8ff7-779b44b2ade5}</UniqueIdentifier>
    </Filter>
    <Filter Include="Core\Graphics\Utils">
      <UniqueIdentifier>{1ba6a05d-9cee-4082-ba47-7aa55c60d760}</UniqueIdentifier>
    </Filter>
    <Filter Include="Core\Graphics\Extensions">
      <UniqueIdentifier>{11aad47b-fcc4-4af4-b22c-be40b54bf6a6}</UniqueIdentifier>
    </Filter>
    <Filter Include="Core\Graphics\Texture">
      <UniqueIdentifier>{2f19ac72-7d3a-4fb0-b742-b56ec2571954}</UniqueIdentifier>
    </Filter>
    <Filter Include="Voxel\Mesh">
      <UniqueIdentifier>{dff71a9e-18a2-4992-a4ad-ae49c156595a}</UniqueIdentifier>
    </Filter>
    <Filter Include="Voxel\Mesh\Algorithms">
      <UniqueIdentifier>{4884f9c0-beef-44fb-b408-495d0c4d6329}</UniqueIdentifier>
    </Filter>
    <Filter Include="IO\Wrappers">
      <UniqueIdentifier>{8bff44af-cc74-45d7-b763-5853fa3ab415}</UniqueIdentifier>
    </Filter>
    <Filter Include="Sound">
      <UniqueIdentifier>{ebd75801-6efb-4baa-9055-dde194ce4a4a}</UniqueIdentifier>
    </Filter>
  </ItemGroup>
  <ItemGroup>
    <None Include="include/AwesomiumInterface.inl">
      <Filter>UI</Filter>
    </None>
    <None Include="include/Radix.inl">
      <Filter>Utils</Filter>
    </None>
    <None Include="include/FastConversion.inl">
      <Filter>Utils</Filter>
    </None>
    <None Include="include/BufferUtils.inl">
      <Filter>Utils</Filter>
    </None>
    <None Include="include/ThreadPool.inl">
      <Filter>Core\ADT</Filter>
    </None>
    <None Include="include/Keys.inl">
      <Filter>UI\Input</Filter>
    </None>
    <None Include="include/VorbPreDecl.inl" />
    <None Include="src\SoundImplFMOD.inl">
      <Filter>Sound</Filter>
    </None>
    <None Include="include\typesColor.inl" />
    <None Include="include\typesArray.inl" />
    <None Include="include\IntersectionUtils.inl">
      <Filter>Utils</Filter>
    </None>
  </ItemGroup>
  <ItemGroup>
    <Text Include="KEG.txt">
      <Filter>IO\Keg</Filter>
    </Text>
  </ItemGroup>
</Project>