
Microsoft Visual Studio Solution File, Format Version 12.00
# Visual Studio 2013
VisualStudioVersion = 12.0.21005.1
MinimumVisualStudioVersion = 10.0.40219.1
Project("{8BC9CEB8-8B4A-11D0-8D11-00A0C91BC942}") = "Vorb", "Vorb.vcxproj", "{BE4855EE-E92C-4688-AE44-E44E3149EAB5}"
EndProject
Project("{8BC9CEB8-8B4A-11D0-8D11-00A0C91BC942}") = "OOLua", "deps\src\OOLua.vcxproj", "{FB1AB70E-4D03-434E-A127-650F8D777B13}"
EndProject
Project("{8BC9CEB8-8B4A-11D0-8D11-00A0C91BC942}") = "ZLIB", "deps\src\ZLIB.vcxproj", "{B8B9A66A-92D7-4FAB-8159-C93804CE84FC}"
EndProject
Project("{8BC9CEB8-8B4A-11D0-8D11-00A0C91BC942}") = "UnitTests", "UnitTests\UnitTests.vcxproj", "{733D769E-A94A-40EC-85AE-E4E355DCF784}"
EndProject
Project("{8BC9CEB8-8B4A-11D0-8D11-00A0C91BC942}") = "UnitTester", "UnitTester\UnitTester.vcxproj", "{637A6350-70AB-4357-B965-03E705A89692}"
EndProject
Project("{8BC9CEB8-8B4A-11D0-8D11-00A0C91BC942}") = "LinearMath", "deps\src\LinearMath.vcxproj", "{2AD47527-F044-42AA-A6C4-4B719F9B03D2}"
EndProject
Project("{8BC9CEB8-8B4A-11D0-8D11-00A0C91BC942}") = "BulletCollision", "deps\src\BulletCollision.vcxproj", "{710351A5-9EE4-4A35-9C2C-37978BA08593}"
EndProject
Project("{8BC9CEB8-8B4A-11D0-8D11-00A0C91BC942}") = "BulletDynamics", "deps\src\BulletDynamics.vcxproj", "{3C1E0070-34FE-4509-9698-7A8454690E6C}"
EndProject
Global
	GlobalSection(SolutionConfigurationPlatforms) = preSolution
		Debug|Win32 = Debug|Win32
		MinSizeRel|Win32 = MinSizeRel|Win32
		Release|Win32 = Release|Win32
		RelWithDebInfo|Win32 = RelWithDebInfo|Win32
	EndGlobalSection
	GlobalSection(ProjectConfigurationPlatforms) = postSolution
		{BE4855EE-E92C-4688-AE44-E44E3149EAB5}.Debug|Win32.ActiveCfg = Debug|Win32
		{BE4855EE-E92C-4688-AE44-E44E3149EAB5}.Debug|Win32.Build.0 = Debug|Win32
		{BE4855EE-E92C-4688-AE44-E44E3149EAB5}.MinSizeRel|Win32.ActiveCfg = Release|Win32
		{BE4855EE-E92C-4688-AE44-E44E3149EAB5}.MinSizeRel|Win32.Build.0 = Release|Win32
		{BE4855EE-E92C-4688-AE44-E44E3149EAB5}.Release|Win32.ActiveCfg = Release|Win32
		{BE4855EE-E92C-4688-AE44-E44E3149EAB5}.Release|Win32.Build.0 = Release|Win32
		{BE4855EE-E92C-4688-AE44-E44E3149EAB5}.RelWithDebInfo|Win32.ActiveCfg = Release|Win32
		{BE4855EE-E92C-4688-AE44-E44E3149EAB5}.RelWithDebInfo|Win32.Build.0 = Release|Win32
		{FB1AB70E-4D03-434E-A127-650F8D777B13}.Debug|Win32.ActiveCfg = Debug|Win32
		{FB1AB70E-4D03-434E-A127-650F8D777B13}.Debug|Win32.Build.0 = Debug|Win32
		{FB1AB70E-4D03-434E-A127-650F8D777B13}.MinSizeRel|Win32.ActiveCfg = Release|Win32
		{FB1AB70E-4D03-434E-A127-650F8D777B13}.MinSizeRel|Win32.Build.0 = Release|Win32
		{FB1AB70E-4D03-434E-A127-650F8D777B13}.Release|Win32.ActiveCfg = Release|Win32
		{FB1AB70E-4D03-434E-A127-650F8D777B13}.Release|Win32.Build.0 = Release|Win32
		{FB1AB70E-4D03-434E-A127-650F8D777B13}.RelWithDebInfo|Win32.ActiveCfg = Release|Win32
		{FB1AB70E-4D03-434E-A127-650F8D777B13}.RelWithDebInfo|Win32.Build.0 = Release|Win32
		{B8B9A66A-92D7-4FAB-8159-C93804CE84FC}.Debug|Win32.ActiveCfg = Debug|Win32
		{B8B9A66A-92D7-4FAB-8159-C93804CE84FC}.Debug|Win32.Build.0 = Debug|Win32
		{B8B9A66A-92D7-4FAB-8159-C93804CE84FC}.MinSizeRel|Win32.ActiveCfg = Release|Win32
		{B8B9A66A-92D7-4FAB-8159-C93804CE84FC}.MinSizeRel|Win32.Build.0 = Release|Win32
		{B8B9A66A-92D7-4FAB-8159-C93804CE84FC}.Release|Win32.ActiveCfg = Release|Win32
		{B8B9A66A-92D7-4FAB-8159-C93804CE84FC}.Release|Win32.Build.0 = Release|Win32
		{B8B9A66A-92D7-4FAB-8159-C93804CE84FC}.RelWithDebInfo|Win32.ActiveCfg = Release|Win32
		{B8B9A66A-92D7-4FAB-8159-C93804CE84FC}.RelWithDebInfo|Win32.Build.0 = Release|Win32
		{733D769E-A94A-40EC-85AE-E4E355DCF784}.Debug|Win32.ActiveCfg = Debug|Win32
		{733D769E-A94A-40EC-85AE-E4E355DCF784}.Debug|Win32.Build.0 = Debug|Win32
		{733D769E-A94A-40EC-85AE-E4E355DCF784}.MinSizeRel|Win32.ActiveCfg = Release|Win32
		{733D769E-A94A-40EC-85AE-E4E355DCF784}.MinSizeRel|Win32.Build.0 = Release|Win32
		{733D769E-A94A-40EC-85AE-E4E355DCF784}.Release|Win32.ActiveCfg = Release|Win32
		{733D769E-A94A-40EC-85AE-E4E355DCF784}.Release|Win32.Build.0 = Release|Win32
		{733D769E-A94A-40EC-85AE-E4E355DCF784}.RelWithDebInfo|Win32.ActiveCfg = Release|Win32
		{733D769E-A94A-40EC-85AE-E4E355DCF784}.RelWithDebInfo|Win32.Build.0 = Release|Win32
		{637A6350-70AB-4357-B965-03E705A89692}.Debug|Win32.ActiveCfg = Debug|Win32
		{637A6350-70AB-4357-B965-03E705A89692}.Debug|Win32.Build.0 = Debug|Win32
		{637A6350-70AB-4357-B965-03E705A89692}.MinSizeRel|Win32.ActiveCfg = Release|Win32
		{637A6350-70AB-4357-B965-03E705A89692}.MinSizeRel|Win32.Build.0 = Release|Win32
		{637A6350-70AB-4357-B965-03E705A89692}.Release|Win32.ActiveCfg = Release|Win32
		{637A6350-70AB-4357-B965-03E705A89692}.Release|Win32.Build.0 = Release|Win32
		{637A6350-70AB-4357-B965-03E705A89692}.RelWithDebInfo|Win32.ActiveCfg = Release|Win32
		{637A6350-70AB-4357-B965-03E705A89692}.RelWithDebInfo|Win32.Build.0 = Release|Win32
		{2AD47527-F044-42AA-A6C4-4B719F9B03D2}.Debug|Win32.ActiveCfg = Debug|Win32
		{2AD47527-F044-42AA-A6C4-4B719F9B03D2}.Debug|Win32.Build.0 = Debug|Win32
		{2AD47527-F044-42AA-A6C4-4B719F9B03D2}.MinSizeRel|Win32.ActiveCfg = MinSizeRel|Win32
		{2AD47527-F044-42AA-A6C4-4B719F9B03D2}.MinSizeRel|Win32.Build.0 = MinSizeRel|Win32
		{2AD47527-F044-42AA-A6C4-4B719F9B03D2}.Release|Win32.ActiveCfg = Release|Win32
		{2AD47527-F044-42AA-A6C4-4B719F9B03D2}.Release|Win32.Build.0 = Release|Win32
		{2AD47527-F044-42AA-A6C4-4B719F9B03D2}.RelWithDebInfo|Win32.ActiveCfg = RelWithDebInfo|Win32
		{2AD47527-F044-42AA-A6C4-4B719F9B03D2}.RelWithDebInfo|Win32.Build.0 = RelWithDebInfo|Win32
		{710351A5-9EE4-4A35-9C2C-37978BA08593}.Debug|Win32.ActiveCfg = Debug|Win32
		{710351A5-9EE4-4A35-9C2C-37978BA08593}.Debug|Win32.Build.0 = Debug|Win32
		{710351A5-9EE4-4A35-9C2C-37978BA08593}.MinSizeRel|Win32.ActiveCfg = MinSizeRel|Win32
		{710351A5-9EE4-4A35-9C2C-37978BA08593}.MinSizeRel|Win32.Build.0 = MinSizeRel|Win32
		{710351A5-9EE4-4A35-9C2C-37978BA08593}.Release|Win32.ActiveCfg = Release|Win32
		{710351A5-9EE4-4A35-9C2C-37978BA08593}.Release|Win32.Build.0 = Release|Win32
		{710351A5-9EE4-4A35-9C2C-37978BA08593}.RelWithDebInfo|Win32.ActiveCfg = RelWithDebInfo|Win32
		{710351A5-9EE4-4A35-9C2C-37978BA08593}.RelWithDebInfo|Win32.Build.0 = RelWithDebInfo|Win32
		{3C1E0070-34FE-4509-9698-7A8454690E6C}.Debug|Win32.ActiveCfg = Debug|Win32
		{3C1E0070-34FE-4509-9698-7A8454690E6C}.Debug|Win32.Build.0 = Debug|Win32
		{3C1E0070-34FE-4509-9698-7A8454690E6C}.MinSizeRel|Win32.ActiveCfg = MinSizeRel|Win32
		{3C1E0070-34FE-4509-9698-7A8454690E6C}.MinSizeRel|Win32.Build.0 = MinSizeRel|Win32
		{3C1E0070-34FE-4509-9698-7A8454690E6C}.Release|Win32.ActiveCfg = Release|Win32
		{3C1E0070-34FE-4509-9698-7A8454690E6C}.Release|Win32.Build.0 = Release|Win32
		{3C1E0070-34FE-4509-9698-7A8454690E6C}.RelWithDebInfo|Win32.ActiveCfg = RelWithDebInfo|Win32
		{3C1E0070-34FE-4509-9698-7A8454690E6C}.RelWithDebInfo|Win32.Build.0 = RelWithDebInfo|Win32
	EndGlobalSection
	GlobalSection(SolutionProperties) = preSolution
		HideSolutionNode = FALSE
	EndGlobalSection
EndGlobal
