<?xml version="1.0" encoding="utf-8"?>
<Project ToolsVersion="4.0" xmlns="http://schemas.microsoft.com/developer/msbuild/2003">
  <ItemGroup>
    <ClCompile Include="stdafx.cpp" />
    <ClCompile Include="MainGame.cpp">
      <Filter>UI</Filter>
    </ClCompile>
    <ClCompile Include="ScreenList.cpp">
      <Filter>UI</Filter>
    </ClCompile>
    <ClCompile Include="ImageSaver.cpp">
      <Filter>Core\Graphics</Filter>
    </ClCompile>
    <ClCompile Include="ImageLoader.cpp">
      <Filter>Core\Graphics</Filter>
    </ClCompile>
    <ClCompile Include="GameWindow.cpp">
      <Filter>UI</Filter>
    </ClCompile>
    <ClCompile Include="Mesh.cpp">
      <Filter>Core\Graphics</Filter>
    </ClCompile>
    <ClCompile Include="OpenglSurfaceFactory.cpp">
      <Filter>UI</Filter>
    </ClCompile>
    <ClCompile Include="IRenderStage.cpp">
      <Filter>Core\Graphics</Filter>
    </ClCompile>
    <ClCompile Include="IRenderPipeline.cpp">
      <Filter>Core\Graphics</Filter>
    </ClCompile>
    <ClCompile Include="IOManager.cpp">
      <Filter>IO</Filter>
    </ClCompile>
    <ClCompile Include="Keg.cpp">
      <Filter>IO\Keg</Filter>
    </ClCompile>
    <ClCompile Include="lodepng.cpp">
      <Filter>Core\Graphics</Filter>
    </ClCompile>
    <ClCompile Include="Timing.cpp">
      <Filter>Utils</Filter>
    </ClCompile>
    <ClCompile Include="Random.cpp">
      <Filter>Utils</Filter>
    </ClCompile>
    <ClCompile Include="colors.cpp">
      <Filter>Utils</Filter>
    </ClCompile>
    <ClCompile Include="ImageIO.cpp">
      <Filter>IO</Filter>
    </ClCompile>
    <ClCompile Include="ComponentTableBase.cpp">
      <Filter>Core\ECS</Filter>
    </ClCompile>
    <ClCompile Include="ECS.cpp">
      <Filter>Core\ECS</Filter>
    </ClCompile>
    <ClCompile Include="MultipleComponentSet.cpp">
      <Filter>Core\ECS</Filter>
    </ClCompile>
    <ClCompile Include="RPC.cpp">
      <Filter>Core\ADT</Filter>
    </ClCompile>
    <ClCompile Include="InputDispatcher.cpp">
      <Filter>UI\Input</Filter>
    </ClCompile>
    <ClCompile Include="LuaDevConsole.cpp">
      <Filter>UI\REPL</Filter>
    </ClCompile>
    <ClCompile Include="MemFile.cpp">
      <Filter>Utils</Filter>
    </ClCompile>
    <ClCompile Include="GBuffer.cpp">
      <Filter>Core\Graphics\Deferred</Filter>
    </ClCompile>
    <ClCompile Include="DeferredShaders.cpp">
      <Filter>Core\Graphics\Deferred</Filter>
    </ClCompile>
    <ClCompile Include="ModelIO.cpp">
      <Filter>IO</Filter>
    </ClCompile>
    <ClCompile Include="DepthState.cpp">
      <Filter>Core\Graphics\Wrappers</Filter>
    </ClCompile>
    <ClCompile Include="GLProgram.cpp">
      <Filter>Core\Graphics\Wrappers</Filter>
    </ClCompile>
    <ClCompile Include="GLRenderTarget.cpp">
      <Filter>Core\Graphics\Wrappers</Filter>
    </ClCompile>
    <ClCompile Include="RasterizerState.cpp">
      <Filter>Core\Graphics\Wrappers</Filter>
    </ClCompile>
    <ClCompile Include="SamplerState.cpp">
      <Filter>Core\Graphics\Wrappers</Filter>
    </ClCompile>
    <ClCompile Include="FullQuadVBO.cpp">
      <Filter>Core\Graphics\Utils</Filter>
    </ClCompile>
    <ClCompile Include="GpuMemory.cpp">
      <Filter>Core\Graphics\Utils</Filter>
    </ClCompile>
    <ClCompile Include="GraphicsDevice.cpp">
      <Filter>Core\Graphics\Utils</Filter>
    </ClCompile>
    <ClCompile Include="SpriteBatch.cpp">
      <Filter>Core\Graphics\Utils</Filter>
    </ClCompile>
    <ClCompile Include="SpriteFont.cpp">
      <Filter>Core\Graphics\Utils</Filter>
    </ClCompile>
    <ClCompile Include="Vorb.cpp" />
    <ClCompile Include="ConnectedTextures.cpp">
      <Filter>Core\Graphics\Texture</Filter>
    </ClCompile>
    <ClCompile Include="VoxCommon.cpp">
      <Filter>Voxel</Filter>
    </ClCompile>
    <ClCompile Include="TextureCache.cpp">
      <Filter>Core\Graphics\Utils</Filter>
    </ClCompile>
  </ItemGroup>
  <ItemGroup>
    <ClInclude Include="compat.h" />
    <ClInclude Include="stdafx.h" />
    <ClInclude Include="types.h" />
    <ClInclude Include="Vorb.h" />
    <ClInclude Include="AwesomiumInterface.h">
      <Filter>UI</Filter>
    </ClInclude>
    <ClInclude Include="gtypes.h">
      <Filter>Core\Graphics</Filter>
    </ClInclude>
    <ClInclude Include="IGameScreen.h">
      <Filter>UI</Filter>
    </ClInclude>
    <ClInclude Include="MainGame.h">
      <Filter>UI</Filter>
    </ClInclude>
    <ClInclude Include="ScreenList.h">
      <Filter>UI</Filter>
    </ClInclude>
    <ClInclude Include="ImageSaver.h">
      <Filter>Core\Graphics</Filter>
    </ClInclude>
    <ClInclude Include="ImageLoader.h">
      <Filter>Core\Graphics</Filter>
    </ClInclude>
    <ClInclude Include="FixedSizeArrayRecycler.hpp">
      <Filter>Core</Filter>
    </ClInclude>
    <ClInclude Include="GameWindow.h">
      <Filter>UI</Filter>
    </ClInclude>
    <ClInclude Include="Mesh.h">
      <Filter>Core\Graphics</Filter>
    </ClInclude>
    <ClInclude Include="OpenglSurfaceFactory.h">
      <Filter>UI</Filter>
    </ClInclude>
    <ClInclude Include="IRenderStage.h">
      <Filter>Core\Graphics</Filter>
    </ClInclude>
    <ClInclude Include="IRenderPipeline.h">
      <Filter>Core\Graphics</Filter>
    </ClInclude>
    <ClInclude Include="IAwesomiumInterface.h">
      <Filter>UI</Filter>
    </ClInclude>
    <ClInclude Include="IOManager.h">
      <Filter>IO</Filter>
    </ClInclude>
    <ClInclude Include="Keg.h">
      <Filter>IO\Keg</Filter>
    </ClInclude>
    <ClInclude Include="utils.h">
      <Filter>Utils</Filter>
    </ClInclude>
    <ClInclude Include="lodepng.h">
      <Filter>Core\Graphics</Filter>
    </ClInclude>
    <ClInclude Include="Timing.h">
      <Filter>Utils</Filter>
    </ClInclude>
    <ClInclude Include="Random.h">
      <Filter>Utils</Filter>
    </ClInclude>
    <ClInclude Include="Events.hpp">
      <Filter>Utils</Filter>
    </ClInclude>
    <ClInclude Include="colors.h">
      <Filter>Utils</Filter>
    </ClInclude>
    <ClInclude Include="ImageIO.h">
      <Filter>IO</Filter>
    </ClInclude>
    <ClInclude Include="ThreadSync.h">
      <Filter>Utils</Filter>
    </ClInclude>
    <ClInclude Include="IThreadPoolTask.h">
      <Filter>Core\ADT</Filter>
    </ClInclude>
    <ClInclude Include="ThreadPool.h">
      <Filter>Core\ADT</Filter>
    </ClInclude>
    <ClInclude Include="ComponentTable.hpp">
      <Filter>Core\ECS</Filter>
    </ClInclude>
    <ClInclude Include="ComponentTableBase.h">
      <Filter>Core\ECS</Filter>
    </ClInclude>
    <ClInclude Include="ECS.h">
      <Filter>Core\ECS</Filter>
    </ClInclude>
    <ClInclude Include="ECSSimpleUpdater.h">
      <Filter>Core\ECS</Filter>
    </ClInclude>
    <ClInclude Include="Entity.h">
      <Filter>Core\ECS</Filter>
    </ClInclude>
    <ClInclude Include="IDGenerator.h">
      <Filter>Core\ECS</Filter>
    </ClInclude>
    <ClInclude Include="MultiComponentTracker.hpp">
      <Filter>Core\ECS</Filter>
    </ClInclude>
    <ClInclude Include="MultipleComponentSet.h">
      <Filter>Core\ECS</Filter>
    </ClInclude>
    <ClInclude Include="PtrRecycler.hpp">
      <Filter>Core</Filter>
    </ClInclude>
    <ClInclude Include="RPC.h">
      <Filter>Core\ADT</Filter>
    </ClInclude>
    <ClInclude Include="InputDispatcher.h">
      <Filter>UI\Input</Filter>
    </ClInclude>
    <ClInclude Include="MouseInputDispatcher.h">
      <Filter>UI\Input</Filter>
    </ClInclude>
    <ClInclude Include="KeyboardEventDispatcher.h">
      <Filter>UI\Input</Filter>
    </ClInclude>
    <ClInclude Include="WindowEventDispatcher.h">
      <Filter>UI\Input</Filter>
    </ClInclude>
    <ClInclude Include="LuaDevConsole.h">
      <Filter>UI\REPL</Filter>
    </ClInclude>
    <ClInclude Include="MemFile.h">
      <Filter>Utils</Filter>
    </ClInclude>
    <ClInclude Include="TextInputListener.hpp">
      <Filter>UI\Input</Filter>
    </ClInclude>
    <ClInclude Include="GBuffer.h">
      <Filter>Core\Graphics\Deferred</Filter>
    </ClInclude>
    <ClInclude Include="DeferredShaders.h">
      <Filter>Core\Graphics\Deferred</Filter>
    </ClInclude>
    <ClInclude Include="ModelIO.h">
      <Filter>IO</Filter>
    </ClInclude>
    <ClInclude Include="DepthState.h">
      <Filter>Core\Graphics\Wrappers</Filter>
    </ClInclude>
    <ClInclude Include="GLEnums.h">
      <Filter>Core\Graphics\Wrappers</Filter>
    </ClInclude>
    <ClInclude Include="GLProgram.h">
      <Filter>Core\Graphics\Wrappers</Filter>
    </ClInclude>
    <ClInclude Include="GLRenderTarget.h">
      <Filter>Core\Graphics\Wrappers</Filter>
    </ClInclude>
    <ClInclude Include="GLStates.h">
      <Filter>Core\Graphics\Wrappers</Filter>
    </ClInclude>
    <ClInclude Include="RasterizerState.h">
      <Filter>Core\Graphics\Wrappers</Filter>
    </ClInclude>
    <ClInclude Include="SamplerState.h">
      <Filter>Core\Graphics\Wrappers</Filter>
    </ClInclude>
    <ClInclude Include="FullQuadVBO.h">
      <Filter>Core\Graphics\Utils</Filter>
    </ClInclude>
    <ClInclude Include="GpuMemory.h">
      <Filter>Core\Graphics\Utils</Filter>
    </ClInclude>
    <ClInclude Include="GraphicsDevice.h">
      <Filter>Core\Graphics\Utils</Filter>
    </ClInclude>
    <ClInclude Include="SpriteBatch.h">
      <Filter>Core\Graphics\Utils</Filter>
    </ClInclude>
    <ClInclude Include="SpriteFont.h">
      <Filter>Core\Graphics\Utils</Filter>
    </ClInclude>
    <ClInclude Include="Texture.h">
      <Filter>Core\Graphics\Wrappers</Filter>
    </ClInclude>
    <ClInclude Include="RTSwapChain.hpp">
      <Filter>Core\Graphics\Extensions</Filter>
    </ClInclude>
    <ClInclude Include="MeshData.h">
      <Filter>Core\Graphics</Filter>
    </ClInclude>
    <ClInclude Include="ConnectedTextures.h">
      <Filter>Core\Graphics\Texture</Filter>
    </ClInclude>
    <ClInclude Include="VoxelMesherCulled.h">
      <Filter>Voxel\Mesh\Algorithms</Filter>
    </ClInclude>
    <ClInclude Include="VoxelMeshAlg.h">
      <Filter>Voxel\Mesh\Algorithms</Filter>
    </ClInclude>
    <ClInclude Include="VoxCommon.h">
      <Filter>Voxel</Filter>
    </ClInclude>
    <ClInclude Include="decorators.h" />
    <ClInclude Include="TextureCache.h">
      <Filter>Core\Graphics\Utils</Filter>
    </ClInclude>
  </ItemGroup>
  <ItemGroup>
    <Filter Include="Core">
      <UniqueIdentifier>{47c671d5-c6af-4c7a-8afa-eaec9e3f31cc}</UniqueIdentifier>
    </Filter>
    <Filter Include="Core\Graphics">
      <UniqueIdentifier>{06e6f9cb-eca8-461c-94ac-9705e422f46a}</UniqueIdentifier>
    </Filter>
    <Filter Include="UI">
      <UniqueIdentifier>{77f93b98-ec01-4628-bed2-7efb90da8d7e}</UniqueIdentifier>
    </Filter>
    <Filter Include="Voxel">
      <UniqueIdentifier>{be6a6da2-e8cd-4dad-adaa-7a705921f506}</UniqueIdentifier>
    </Filter>
    <Filter Include="IO">
      <UniqueIdentifier>{9ef32450-4388-4e0b-bcfa-7afa4faf7ea4}</UniqueIdentifier>
    </Filter>
    <Filter Include="IO\Keg">
      <UniqueIdentifier>{279a572d-8160-4392-a3d2-988fdb513d66}</UniqueIdentifier>
    </Filter>
    <Filter Include="Utils">
      <UniqueIdentifier>{697c6002-2f1c-4b32-9b83-d3af9d9d4056}</UniqueIdentifier>
    </Filter>
    <Filter Include="Core\ADT">
      <UniqueIdentifier>{23934580-2774-41c1-9e4e-f68a549d1368}</UniqueIdentifier>
    </Filter>
    <Filter Include="Core\ECS">
      <UniqueIdentifier>{2623b98e-6c4b-492f-ba48-960edaa783f9}</UniqueIdentifier>
    </Filter>
    <Filter Include="UI\Input">
      <UniqueIdentifier>{84a1a378-d9b6-49d5-bad8-286be1b6565a}</UniqueIdentifier>
    </Filter>
    <Filter Include="UI\REPL">
      <UniqueIdentifier>{cc06d404-9d09-46c7-9776-5d47af2befd4}</UniqueIdentifier>
    </Filter>
    <Filter Include="Core\Graphics\Deferred">
      <UniqueIdentifier>{d885ab76-4ae5-4152-9bd4-c5a7af213015}</UniqueIdentifier>
    </Filter>
    <Filter Include="Core\Graphics\Wrappers">
      <UniqueIdentifier>{624d6dc6-02a2-441c-8ff7-779b44b2ade5}</UniqueIdentifier>
    </Filter>
    <Filter Include="Core\Graphics\Utils">
      <UniqueIdentifier>{1ba6a05d-9cee-4082-ba47-7aa55c60d760}</UniqueIdentifier>
    </Filter>
    <Filter Include="Core\Graphics\Extensions">
      <UniqueIdentifier>{11aad47b-fcc4-4af4-b22c-be40b54bf6a6}</UniqueIdentifier>
    </Filter>
    <Filter Include="Core\Graphics\Texture">
      <UniqueIdentifier>{2f19ac72-7d3a-4fb0-b742-b56ec2571954}</UniqueIdentifier>
    </Filter>
    <Filter Include="Voxel\Mesh">
      <UniqueIdentifier>{dff71a9e-18a2-4992-a4ad-ae49c156595a}</UniqueIdentifier>
    </Filter>
    <Filter Include="Voxel\Mesh\Algorithms">
      <UniqueIdentifier>{4884f9c0-beef-44fb-b408-495d0c4d6329}</UniqueIdentifier>
    </Filter>
  </ItemGroup>
  <ItemGroup>
    <None Include="AwesomiumInterface.inl">
      <Filter>UI</Filter>
    </None>
    <None Include="Radix.inl">
      <Filter>Utils</Filter>
    </None>
    <None Include="FastConversion.inl">
      <Filter>Utils</Filter>
    </None>
    <None Include="BufferUtils.inl">
      <Filter>Utils</Filter>
    </None>
    <None Include="ThreadPool.inl">
      <Filter>Core\ADT</Filter>
    </None>
    <None Include="Keys.inl">
      <Filter>UI\Input</Filter>
    </None>
  </ItemGroup>
  <ItemGroup>
    <Text Include="KEG.txt">
      <Filter>IO\Keg</Filter>
    </Text>
  </ItemGroup>
</Project>