
Microsoft Visual Studio Solution File, Format Version 12.00
# Visual Studio 2013
VisualStudioVersion = 12.0.21005.1
MinimumVisualStudioVersion = 10.0.40219.1
Project("{8BC9CEB8-8B4A-11D0-8D11-00A0C91BC942}") = "Vorb", "Vorb.vcxproj", "{BE4855EE-E92C-4688-AE44-E44E3149EAB5}"
EndProject
Project("{8BC9CEB8-8B4A-11D0-8D11-00A0C91BC942}") = "JSON", "deps\src\JSON.vcxproj", "{66ACBA10-35E7-4B5F-AE8F-641278C57AFD}"
EndProject
Project("{8BC9CEB8-8B4A-11D0-8D11-00A0C91BC942}") = "OOLua", "deps\src\OOLua.vcxproj", "{FB1AB70E-4D03-434E-A127-650F8D777B13}"
EndProject
Project("{8BC9CEB8-8B4A-11D0-8D11-00A0C91BC942}") = "ZLIB", "deps\src\ZLIB.vcxproj", "{B8B9A66A-92D7-4FAB-8159-C93804CE84FC}"
EndProject
Project("{8BC9CEB8-8B4A-11D0-8D11-00A0C91BC942}") = "UnitTests", "UnitTests\UnitTests.vcxproj", "{733D769E-A94A-40EC-85AE-E4E355DCF784}"
EndProject
Project("{8BC9CEB8-8B4A-11D0-8D11-00A0C91BC942}") = "UnitTester", "UnitTester\UnitTester.vcxproj", "{637A6350-70AB-4357-B965-03E705A89692}"
EndProject
Global
	GlobalSection(SolutionConfigurationPlatforms) = preSolution
		Debug|Win32 = Debug|Win32
		Release|Win32 = Release|Win32
	EndGlobalSection
	GlobalSection(ProjectConfigurationPlatforms) = postSolution
		{BE4855EE-E92C-4688-AE44-E44E3149EAB5}.Debug|Win32.ActiveCfg = Debug|Win32
		{BE4855EE-E92C-4688-AE44-E44E3149EAB5}.Debug|Win32.Build.0 = Debug|Win32
		{BE4855EE-E92C-4688-AE44-E44E3149EAB5}.Release|Win32.ActiveCfg = Release|Win32
		{BE4855EE-E92C-4688-AE44-E44E3149EAB5}.Release|Win32.Build.0 = Release|Win32
		{66ACBA10-35E7-4B5F-AE8F-641278C57AFD}.Debug|Win32.ActiveCfg = Debug|Win32
		{66ACBA10-35E7-4B5F-AE8F-641278C57AFD}.Debug|Win32.Build.0 = Debug|Win32
		{66ACBA10-35E7-4B5F-AE8F-641278C57AFD}.Release|Win32.ActiveCfg = Release|Win32
		{66ACBA10-35E7-4B5F-AE8F-641278C57AFD}.Release|Win32.Build.0 = Release|Win32
		{FB1AB70E-4D03-434E-A127-650F8D777B13}.Debug|Win32.ActiveCfg = Debug|Win32
		{FB1AB70E-4D03-434E-A127-650F8D777B13}.Debug|Win32.Build.0 = Debug|Win32
		{FB1AB70E-4D03-434E-A127-650F8D777B13}.Release|Win32.ActiveCfg = Release|Win32
		{FB1AB70E-4D03-434E-A127-650F8D777B13}.Release|Win32.Build.0 = Release|Win32
		{B8B9A66A-92D7-4FAB-8159-C93804CE84FC}.Debug|Win32.ActiveCfg = Debug|Win32
		{B8B9A66A-92D7-4FAB-8159-C93804CE84FC}.Debug|Win32.Build.0 = Debug|Win32
		{B8B9A66A-92D7-4FAB-8159-C93804CE84FC}.Release|Win32.ActiveCfg = Release|Win32
		{B8B9A66A-92D7-4FAB-8159-C93804CE84FC}.Release|Win32.Build.0 = Release|Win32
		{733D769E-A94A-40EC-85AE-E4E355DCF784}.Debug|Win32.ActiveCfg = Debug|Win32
		{733D769E-A94A-40EC-85AE-E4E355DCF784}.Debug|Win32.Build.0 = Debug|Win32
		{733D769E-A94A-40EC-85AE-E4E355DCF784}.Release|Win32.ActiveCfg = Release|Win32
		{733D769E-A94A-40EC-85AE-E4E355DCF784}.Release|Win32.Build.0 = Release|Win32
		{637A6350-70AB-4357-B965-03E705A89692}.Debug|Win32.ActiveCfg = Debug|Win32
		{637A6350-70AB-4357-B965-03E705A89692}.Debug|Win32.Build.0 = Debug|Win32
		{637A6350-70AB-4357-B965-03E705A89692}.Release|Win32.ActiveCfg = Release|Win32
		{637A6350-70AB-4357-B965-03E705A89692}.Release|Win32.Build.0 = Release|Win32
	EndGlobalSection
	GlobalSection(SolutionProperties) = preSolution
		HideSolutionNode = FALSE
	EndGlobalSection
EndGlobal
